// !$*UTF8*$!
{
	archiveVersion = 1;
	classes = {
	};
	objectVersion = 55;
	objects = {

/* Begin PBXBuildFile section */
		DC27F9C328838835000A5504 /* AppDelegate.swift in Sources */ = {isa = PBXBuildFile; fileRef = DC27F9C228838835000A5504 /* AppDelegate.swift */; };
		DC27F9C528838835000A5504 /* SceneDelegate.swift in Sources */ = {isa = PBXBuildFile; fileRef = DC27F9C428838835000A5504 /* SceneDelegate.swift */; };
		DC27F9C728838835000A5504 /* SearchViewController.swift in Sources */ = {isa = PBXBuildFile; fileRef = DC27F9C628838835000A5504 /* SearchViewController.swift */; };
		DC27F9CA28838835000A5504 /* Main.storyboard in Resources */ = {isa = PBXBuildFile; fileRef = DC27F9C828838835000A5504 /* Main.storyboard */; };
		DC27F9CC28838839000A5504 /* Assets.xcassets in Resources */ = {isa = PBXBuildFile; fileRef = DC27F9CB28838839000A5504 /* Assets.xcassets */; };
		DC27F9CF28838839000A5504 /* LaunchScreen.storyboard in Resources */ = {isa = PBXBuildFile; fileRef = DC27F9CD28838839000A5504 /* LaunchScreen.storyboard */; };
		DC27F9DA28838839000A5504 /* RecipleaseTests.swift in Sources */ = {isa = PBXBuildFile; fileRef = DC27F9D928838839000A5504 /* RecipleaseTests.swift */; };
		DC80366C2889AA9D00AC678D /* FirebaseFirestoreCombine-Community in Frameworks */ = {isa = PBXBuildFile; productRef = DC80366B2889AA9D00AC678D /* FirebaseFirestoreCombine-Community */; };
		DC80366E2889AA9D00AC678D /* FirebaseFirestoreSwift in Frameworks */ = {isa = PBXBuildFile; productRef = DC80366D2889AA9D00AC678D /* FirebaseFirestoreSwift */; };
		DC803671288AB33A00AC678D /* Alamofire in Frameworks */ = {isa = PBXBuildFile; productRef = DC803670288AB33A00AC678D /* Alamofire */; };
		DC803674288AF9C100AC678D /* GoogleService-Info.plist in Resources */ = {isa = PBXBuildFile; fileRef = DC803673288AF9C100AC678D /* GoogleService-Info.plist */; };
		DC803676288B0E7F00AC678D /* Alamofire-Info.template.plist in Resources */ = {isa = PBXBuildFile; fileRef = DC803675288B0E7F00AC678D /* Alamofire-Info.template.plist */; };
		DC803678288B0FC200AC678D /* Alamofire-Info.plist in Resources */ = {isa = PBXBuildFile; fileRef = DC803677288B0FC200AC678D /* Alamofire-Info.plist */; };
		DC80367C288E12AF00AC678D /* Search.swift in Sources */ = {isa = PBXBuildFile; fileRef = DC80367B288E12AF00AC678D /* Search.swift */; };
		DC80367E288F2C4500AC678D /* Recipes.swift in Sources */ = {isa = PBXBuildFile; fileRef = DC80367D288F2C4500AC678D /* Recipes.swift */; };
		DC803680288F5D2700AC678D /* RecipesTableViewController.swift in Sources */ = {isa = PBXBuildFile; fileRef = DC80367F288F5D2700AC678D /* RecipesTableViewController.swift */; };
		DC803682288F5F7100AC678D /* RecipeTableViewCell.swift in Sources */ = {isa = PBXBuildFile; fileRef = DC803681288F5F7100AC678D /* RecipeTableViewCell.swift */; };
		DC803684288FC07D00AC678D /* ControllerHelper.swift in Sources */ = {isa = PBXBuildFile; fileRef = DC803683288FC07D00AC678D /* ControllerHelper.swift */; };
		DC803687289122F000AC678D /* SDWebImage in Frameworks */ = {isa = PBXBuildFile; productRef = DC803686289122F000AC678D /* SDWebImage */; };
		DC8036892892012E00AC678D /* RecipeViewController.swift in Sources */ = {isa = PBXBuildFile; fileRef = DC8036882892012E00AC678D /* RecipeViewController.swift */; };
		DC80368F2895DA9C00AC678D /* RecipeDirectionsViewController.swift in Sources */ = {isa = PBXBuildFile; fileRef = DC80368E2895DA9C00AC678D /* RecipeDirectionsViewController.swift */; };
/* End PBXBuildFile section */

/* Begin PBXContainerItemProxy section */
		DC27F9D628838839000A5504 /* PBXContainerItemProxy */ = {
			isa = PBXContainerItemProxy;
			containerPortal = DC27F9B728838835000A5504 /* Project object */;
			proxyType = 1;
			remoteGlobalIDString = DC27F9BE28838835000A5504;
			remoteInfo = Reciplease;
		};
/* End PBXContainerItemProxy section */

/* Begin PBXFileReference section */
		DC27F9BF28838835000A5504 /* Reciplease.app */ = {isa = PBXFileReference; explicitFileType = wrapper.application; includeInIndex = 0; path = Reciplease.app; sourceTree = BUILT_PRODUCTS_DIR; };
		DC27F9C228838835000A5504 /* AppDelegate.swift */ = {isa = PBXFileReference; lastKnownFileType = sourcecode.swift; path = AppDelegate.swift; sourceTree = "<group>"; };
		DC27F9C428838835000A5504 /* SceneDelegate.swift */ = {isa = PBXFileReference; lastKnownFileType = sourcecode.swift; path = SceneDelegate.swift; sourceTree = "<group>"; };
		DC27F9C628838835000A5504 /* SearchViewController.swift */ = {isa = PBXFileReference; lastKnownFileType = sourcecode.swift; path = SearchViewController.swift; sourceTree = "<group>"; };
		DC27F9C928838835000A5504 /* Base */ = {isa = PBXFileReference; lastKnownFileType = file.storyboard; name = Base; path = Base.lproj/Main.storyboard; sourceTree = "<group>"; };
		DC27F9CB28838839000A5504 /* Assets.xcassets */ = {isa = PBXFileReference; lastKnownFileType = folder.assetcatalog; path = Assets.xcassets; sourceTree = "<group>"; };
		DC27F9CE28838839000A5504 /* Base */ = {isa = PBXFileReference; lastKnownFileType = file.storyboard; name = Base; path = Base.lproj/LaunchScreen.storyboard; sourceTree = "<group>"; };
		DC27F9D028838839000A5504 /* Info.plist */ = {isa = PBXFileReference; lastKnownFileType = text.plist.xml; name = Info.plist; path = "Reciplease/Supporting files/Info.plist"; sourceTree = SOURCE_ROOT; };
		DC27F9D528838839000A5504 /* RecipleaseTests.xctest */ = {isa = PBXFileReference; explicitFileType = wrapper.cfbundle; includeInIndex = 0; path = RecipleaseTests.xctest; sourceTree = BUILT_PRODUCTS_DIR; };
		DC27F9D928838839000A5504 /* RecipleaseTests.swift */ = {isa = PBXFileReference; lastKnownFileType = sourcecode.swift; path = RecipleaseTests.swift; sourceTree = "<group>"; };
		DC27F9F628838A93000A5504 /* .gitignore */ = {isa = PBXFileReference; lastKnownFileType = text; path = .gitignore; sourceTree = "<group>"; };
		DC803673288AF9C100AC678D /* GoogleService-Info.plist */ = {isa = PBXFileReference; fileEncoding = 4; lastKnownFileType = text.plist.xml; path = "GoogleService-Info.plist"; sourceTree = "<group>"; };
		DC803675288B0E7F00AC678D /* Alamofire-Info.template.plist */ = {isa = PBXFileReference; lastKnownFileType = text.plist.xml; path = "Alamofire-Info.template.plist"; sourceTree = "<group>"; };
		DC803677288B0FC200AC678D /* Alamofire-Info.plist */ = {isa = PBXFileReference; fileEncoding = 4; lastKnownFileType = text.plist.xml; path = "Alamofire-Info.plist"; sourceTree = "<group>"; };
		DC80367B288E12AF00AC678D /* Search.swift */ = {isa = PBXFileReference; lastKnownFileType = sourcecode.swift; path = Search.swift; sourceTree = "<group>"; };
		DC80367D288F2C4500AC678D /* Recipes.swift */ = {isa = PBXFileReference; lastKnownFileType = sourcecode.swift; path = Recipes.swift; sourceTree = "<group>"; };
		DC80367F288F5D2700AC678D /* RecipesTableViewController.swift */ = {isa = PBXFileReference; lastKnownFileType = sourcecode.swift; path = RecipesTableViewController.swift; sourceTree = "<group>"; };
		DC803681288F5F7100AC678D /* RecipeTableViewCell.swift */ = {isa = PBXFileReference; lastKnownFileType = sourcecode.swift; path = RecipeTableViewCell.swift; sourceTree = "<group>"; };
		DC803683288FC07D00AC678D /* ControllerHelper.swift */ = {isa = PBXFileReference; fileEncoding = 4; lastKnownFileType = sourcecode.swift; path = ControllerHelper.swift; sourceTree = "<group>"; };
		DC8036882892012E00AC678D /* RecipeViewController.swift */ = {isa = PBXFileReference; lastKnownFileType = sourcecode.swift; path = RecipeViewController.swift; sourceTree = "<group>"; };
		DC80368E2895DA9C00AC678D /* RecipeDirectionsViewController.swift */ = {isa = PBXFileReference; lastKnownFileType = sourcecode.swift; path = RecipeDirectionsViewController.swift; sourceTree = "<group>"; };
/* End PBXFileReference section */

/* Begin PBXFrameworksBuildPhase section */
		DC27F9BC28838835000A5504 /* Frameworks */ = {
			isa = PBXFrameworksBuildPhase;
			buildActionMask = 2147483647;
			files = (
				DC803671288AB33A00AC678D /* Alamofire in Frameworks */,
				DC80366C2889AA9D00AC678D /* FirebaseFirestoreCombine-Community in Frameworks */,
				DC803687289122F000AC678D /* SDWebImage in Frameworks */,
				DC80366E2889AA9D00AC678D /* FirebaseFirestoreSwift in Frameworks */,
			);
			runOnlyForDeploymentPostprocessing = 0;
		};
		DC27F9D228838839000A5504 /* Frameworks */ = {
			isa = PBXFrameworksBuildPhase;
			buildActionMask = 2147483647;
			files = (
			);
			runOnlyForDeploymentPostprocessing = 0;
		};
/* End PBXFrameworksBuildPhase section */

/* Begin PBXGroup section */
		DC27F9B628838835000A5504 = {
			isa = PBXGroup;
			children = (
				DC27F9F628838A93000A5504 /* .gitignore */,
				DC27F9C128838835000A5504 /* Reciplease */,
				DC27F9D828838839000A5504 /* RecipleaseTests */,
				DC27F9C028838835000A5504 /* Products */,
			);
			sourceTree = "<group>";
		};
		DC27F9C028838835000A5504 /* Products */ = {
			isa = PBXGroup;
			children = (
				DC27F9BF28838835000A5504 /* Reciplease.app */,
				DC27F9D528838839000A5504 /* RecipleaseTests.xctest */,
			);
			name = Products;
			sourceTree = "<group>";
		};
		DC27F9C128838835000A5504 /* Reciplease */ = {
			isa = PBXGroup;
			children = (
				DC27F9F52883887F000A5504 /* Supporting files */,
				DC27F9F428838874000A5504 /* Model */,
				DC27F9F328838860000A5504 /* Controller */,
				DC27F9F228838852000A5504 /* View */,
			);
			path = Reciplease;
			sourceTree = "<group>";
		};
		DC27F9D828838839000A5504 /* RecipleaseTests */ = {
			isa = PBXGroup;
			children = (
				DC27F9D928838839000A5504 /* RecipleaseTests.swift */,
			);
			path = RecipleaseTests;
			sourceTree = "<group>";
		};
		DC27F9F228838852000A5504 /* View */ = {
			isa = PBXGroup;
			children = (
				DC27F9C828838835000A5504 /* Main.storyboard */,
				DC803681288F5F7100AC678D /* RecipeTableViewCell.swift */,
			);
			path = View;
			sourceTree = "<group>";
		};
		DC27F9F328838860000A5504 /* Controller */ = {
			isa = PBXGroup;
			children = (
				DC803683288FC07D00AC678D /* ControllerHelper.swift */,
				DC27F9C628838835000A5504 /* SearchViewController.swift */,
				DC80367F288F5D2700AC678D /* RecipesTableViewController.swift */,
				DC8036882892012E00AC678D /* RecipeViewController.swift */,
				DC80368E2895DA9C00AC678D /* RecipeDirectionsViewController.swift */,
			);
			path = Controller;
			sourceTree = "<group>";
		};
		DC27F9F428838874000A5504 /* Model */ = {
			isa = PBXGroup;
			children = (
				DC80367B288E12AF00AC678D /* Search.swift */,
				DC80367D288F2C4500AC678D /* Recipes.swift */,
			);
			path = Model;
			sourceTree = "<group>";
		};
		DC27F9F52883887F000A5504 /* Supporting files */ = {
			isa = PBXGroup;
			children = (
				DC27F9C228838835000A5504 /* AppDelegate.swift */,
				DC27F9C428838835000A5504 /* SceneDelegate.swift */,
				DC27F9CB28838839000A5504 /* Assets.xcassets */,
				DC27F9CD28838839000A5504 /* LaunchScreen.storyboard */,
				DC27F9D028838839000A5504 /* Info.plist */,
				DC803673288AF9C100AC678D /* GoogleService-Info.plist */,
				DC803675288B0E7F00AC678D /* Alamofire-Info.template.plist */,
				DC803677288B0FC200AC678D /* Alamofire-Info.plist */,
			);
			name = "Supporting files";
			path = "Reciplease/Supporting files";
			sourceTree = SOURCE_ROOT;
		};
/* End PBXGroup section */

/* Begin PBXNativeTarget section */
		DC27F9BE28838835000A5504 /* Reciplease */ = {
			isa = PBXNativeTarget;
			buildConfigurationList = DC27F9E928838839000A5504 /* Build configuration list for PBXNativeTarget "Reciplease" */;
			buildPhases = (
				DC27F9BB28838835000A5504 /* Sources */,
				DC27F9BC28838835000A5504 /* Frameworks */,
				DC27F9BD28838835000A5504 /* Resources */,
			);
			buildRules = (
			);
			dependencies = (
			);
			name = Reciplease;
			packageProductDependencies = (
				DC80366B2889AA9D00AC678D /* FirebaseFirestoreCombine-Community */,
				DC80366D2889AA9D00AC678D /* FirebaseFirestoreSwift */,
				DC803670288AB33A00AC678D /* Alamofire */,
				DC803686289122F000AC678D /* SDWebImage */,
			);
			productName = Reciplease;
			productReference = DC27F9BF28838835000A5504 /* Reciplease.app */;
			productType = "com.apple.product-type.application";
		};
		DC27F9D428838839000A5504 /* RecipleaseTests */ = {
			isa = PBXNativeTarget;
			buildConfigurationList = DC27F9EC28838839000A5504 /* Build configuration list for PBXNativeTarget "RecipleaseTests" */;
			buildPhases = (
				DC27F9D128838839000A5504 /* Sources */,
				DC27F9D228838839000A5504 /* Frameworks */,
				DC27F9D328838839000A5504 /* Resources */,
			);
			buildRules = (
			);
			dependencies = (
				DC27F9D728838839000A5504 /* PBXTargetDependency */,
			);
			name = RecipleaseTests;
			productName = RecipleaseTests;
			productReference = DC27F9D528838839000A5504 /* RecipleaseTests.xctest */;
			productType = "com.apple.product-type.bundle.unit-test";
		};
/* End PBXNativeTarget section */

/* Begin PBXProject section */
		DC27F9B728838835000A5504 /* Project object */ = {
			isa = PBXProject;
			attributes = {
				BuildIndependentTargetsInParallel = 1;
				LastSwiftUpdateCheck = 1320;
				LastUpgradeCheck = 1320;
				TargetAttributes = {
					DC27F9BE28838835000A5504 = {
						CreatedOnToolsVersion = 13.2.1;
					};
					DC27F9D428838839000A5504 = {
						CreatedOnToolsVersion = 13.2.1;
						TestTargetID = DC27F9BE28838835000A5504;
					};
				};
			};
			buildConfigurationList = DC27F9BA28838835000A5504 /* Build configuration list for PBXProject "Reciplease" */;
			compatibilityVersion = "Xcode 13.0";
			developmentRegion = en;
			hasScannedForEncodings = 0;
			knownRegions = (
				en,
				Base,
			);
			mainGroup = DC27F9B628838835000A5504;
			packageReferences = (
				DC80366A2889AA9D00AC678D /* XCRemoteSwiftPackageReference "firebase-ios-sdk" */,
				DC80366F288AB33A00AC678D /* XCRemoteSwiftPackageReference "Alamofire" */,
				DC803685289122F000AC678D /* XCRemoteSwiftPackageReference "SDWebImage" */,
			);
			productRefGroup = DC27F9C028838835000A5504 /* Products */;
			projectDirPath = "";
			projectRoot = "";
			targets = (
				DC27F9BE28838835000A5504 /* Reciplease */,
				DC27F9D428838839000A5504 /* RecipleaseTests */,
			);
		};
/* End PBXProject section */

/* Begin PBXResourcesBuildPhase section */
		DC27F9BD28838835000A5504 /* Resources */ = {
			isa = PBXResourcesBuildPhase;
			buildActionMask = 2147483647;
			files = (
				DC27F9CF28838839000A5504 /* LaunchScreen.storyboard in Resources */,
				DC803678288B0FC200AC678D /* Alamofire-Info.plist in Resources */,
				DC803674288AF9C100AC678D /* GoogleService-Info.plist in Resources */,
				DC803676288B0E7F00AC678D /* Alamofire-Info.template.plist in Resources */,
				DC27F9CC28838839000A5504 /* Assets.xcassets in Resources */,
				DC27F9CA28838835000A5504 /* Main.storyboard in Resources */,
			);
			runOnlyForDeploymentPostprocessing = 0;
		};
		DC27F9D328838839000A5504 /* Resources */ = {
			isa = PBXResourcesBuildPhase;
			buildActionMask = 2147483647;
			files = (
			);
			runOnlyForDeploymentPostprocessing = 0;
		};
/* End PBXResourcesBuildPhase section */

/* Begin PBXSourcesBuildPhase section */
		DC27F9BB28838835000A5504 /* Sources */ = {
			isa = PBXSourcesBuildPhase;
			buildActionMask = 2147483647;
			files = (
				DC27F9C728838835000A5504 /* SearchViewController.swift in Sources */,
				DC80367E288F2C4500AC678D /* Recipes.swift in Sources */,
				DC27F9C328838835000A5504 /* AppDelegate.swift in Sources */,
				DC803682288F5F7100AC678D /* RecipeTableViewCell.swift in Sources */,
				DC80367C288E12AF00AC678D /* Search.swift in Sources */,
				DC803684288FC07D00AC678D /* ControllerHelper.swift in Sources */,
				DC80368F2895DA9C00AC678D /* RecipeDirectionsViewController.swift in Sources */,
				DC803680288F5D2700AC678D /* RecipesTableViewController.swift in Sources */,
				DC27F9C528838835000A5504 /* SceneDelegate.swift in Sources */,
				DC8036892892012E00AC678D /* RecipeViewController.swift in Sources */,
			);
			runOnlyForDeploymentPostprocessing = 0;
		};
		DC27F9D128838839000A5504 /* Sources */ = {
			isa = PBXSourcesBuildPhase;
			buildActionMask = 2147483647;
			files = (
				DC27F9DA28838839000A5504 /* RecipleaseTests.swift in Sources */,
			);
			runOnlyForDeploymentPostprocessing = 0;
		};
/* End PBXSourcesBuildPhase section */

/* Begin PBXTargetDependency section */
		DC27F9D728838839000A5504 /* PBXTargetDependency */ = {
			isa = PBXTargetDependency;
			target = DC27F9BE28838835000A5504 /* Reciplease */;
			targetProxy = DC27F9D628838839000A5504 /* PBXContainerItemProxy */;
		};
/* End PBXTargetDependency section */

/* Begin PBXVariantGroup section */
		DC27F9C828838835000A5504 /* Main.storyboard */ = {
			isa = PBXVariantGroup;
			children = (
				DC27F9C928838835000A5504 /* Base */,
			);
			name = Main.storyboard;
			sourceTree = "<group>";
		};
		DC27F9CD28838839000A5504 /* LaunchScreen.storyboard */ = {
			isa = PBXVariantGroup;
			children = (
				DC27F9CE28838839000A5504 /* Base */,
			);
			name = LaunchScreen.storyboard;
			sourceTree = "<group>";
		};
/* End PBXVariantGroup section */

/* Begin XCBuildConfiguration section */
		DC27F9E728838839000A5504 /* Debug */ = {
			isa = XCBuildConfiguration;
			buildSettings = {
				ALWAYS_SEARCH_USER_PATHS = NO;
				CLANG_ANALYZER_NONNULL = YES;
				CLANG_ANALYZER_NUMBER_OBJECT_CONVERSION = YES_AGGRESSIVE;
				CLANG_CXX_LANGUAGE_STANDARD = "gnu++17";
				CLANG_CXX_LIBRARY = "libc++";
				CLANG_ENABLE_MODULES = YES;
				CLANG_ENABLE_OBJC_ARC = YES;
				CLANG_ENABLE_OBJC_WEAK = YES;
				CLANG_WARN_BLOCK_CAPTURE_AUTORELEASING = YES;
				CLANG_WARN_BOOL_CONVERSION = YES;
				CLANG_WARN_COMMA = YES;
				CLANG_WARN_CONSTANT_CONVERSION = YES;
				CLANG_WARN_DEPRECATED_OBJC_IMPLEMENTATIONS = YES;
				CLANG_WARN_DIRECT_OBJC_ISA_USAGE = YES_ERROR;
				CLANG_WARN_DOCUMENTATION_COMMENTS = YES;
				CLANG_WARN_EMPTY_BODY = YES;
				CLANG_WARN_ENUM_CONVERSION = YES;
				CLANG_WARN_INFINITE_RECURSION = YES;
				CLANG_WARN_INT_CONVERSION = YES;
				CLANG_WARN_NON_LITERAL_NULL_CONVERSION = YES;
				CLANG_WARN_OBJC_IMPLICIT_RETAIN_SELF = YES;
				CLANG_WARN_OBJC_LITERAL_CONVERSION = YES;
				CLANG_WARN_OBJC_ROOT_CLASS = YES_ERROR;
				CLANG_WARN_QUOTED_INCLUDE_IN_FRAMEWORK_HEADER = YES;
				CLANG_WARN_RANGE_LOOP_ANALYSIS = YES;
				CLANG_WARN_STRICT_PROTOTYPES = YES;
				CLANG_WARN_SUSPICIOUS_MOVE = YES;
				CLANG_WARN_UNGUARDED_AVAILABILITY = YES_AGGRESSIVE;
				CLANG_WARN_UNREACHABLE_CODE = YES;
				CLANG_WARN__DUPLICATE_METHOD_MATCH = YES;
				COPY_PHASE_STRIP = NO;
				DEBUG_INFORMATION_FORMAT = dwarf;
				ENABLE_STRICT_OBJC_MSGSEND = YES;
				ENABLE_TESTABILITY = YES;
				GCC_C_LANGUAGE_STANDARD = gnu11;
				GCC_DYNAMIC_NO_PIC = NO;
				GCC_NO_COMMON_BLOCKS = YES;
				GCC_OPTIMIZATION_LEVEL = 0;
				GCC_PREPROCESSOR_DEFINITIONS = (
					"DEBUG=1",
					"$(inherited)",
				);
				GCC_WARN_64_TO_32_BIT_CONVERSION = YES;
				GCC_WARN_ABOUT_RETURN_TYPE = YES_ERROR;
				GCC_WARN_UNDECLARED_SELECTOR = YES;
				GCC_WARN_UNINITIALIZED_AUTOS = YES_AGGRESSIVE;
				GCC_WARN_UNUSED_FUNCTION = YES;
				GCC_WARN_UNUSED_VARIABLE = YES;
				IPHONEOS_DEPLOYMENT_TARGET = 15.2;
				MTL_ENABLE_DEBUG_INFO = INCLUDE_SOURCE;
				MTL_FAST_MATH = YES;
				ONLY_ACTIVE_ARCH = YES;
				SDKROOT = iphoneos;
				SWIFT_ACTIVE_COMPILATION_CONDITIONS = DEBUG;
				SWIFT_OPTIMIZATION_LEVEL = "-Onone";
			};
			name = Debug;
		};
		DC27F9E828838839000A5504 /* Release */ = {
			isa = XCBuildConfiguration;
			buildSettings = {
				ALWAYS_SEARCH_USER_PATHS = NO;
				CLANG_ANALYZER_NONNULL = YES;
				CLANG_ANALYZER_NUMBER_OBJECT_CONVERSION = YES_AGGRESSIVE;
				CLANG_CXX_LANGUAGE_STANDARD = "gnu++17";
				CLANG_CXX_LIBRARY = "libc++";
				CLANG_ENABLE_MODULES = YES;
				CLANG_ENABLE_OBJC_ARC = YES;
				CLANG_ENABLE_OBJC_WEAK = YES;
				CLANG_WARN_BLOCK_CAPTURE_AUTORELEASING = YES;
				CLANG_WARN_BOOL_CONVERSION = YES;
				CLANG_WARN_COMMA = YES;
				CLANG_WARN_CONSTANT_CONVERSION = YES;
				CLANG_WARN_DEPRECATED_OBJC_IMPLEMENTATIONS = YES;
				CLANG_WARN_DIRECT_OBJC_ISA_USAGE = YES_ERROR;
				CLANG_WARN_DOCUMENTATION_COMMENTS = YES;
				CLANG_WARN_EMPTY_BODY = YES;
				CLANG_WARN_ENUM_CONVERSION = YES;
				CLANG_WARN_INFINITE_RECURSION = YES;
				CLANG_WARN_INT_CONVERSION = YES;
				CLANG_WARN_NON_LITERAL_NULL_CONVERSION = YES;
				CLANG_WARN_OBJC_IMPLICIT_RETAIN_SELF = YES;
				CLANG_WARN_OBJC_LITERAL_CONVERSION = YES;
				CLANG_WARN_OBJC_ROOT_CLASS = YES_ERROR;
				CLANG_WARN_QUOTED_INCLUDE_IN_FRAMEWORK_HEADER = YES;
				CLANG_WARN_RANGE_LOOP_ANALYSIS = YES;
				CLANG_WARN_STRICT_PROTOTYPES = YES;
				CLANG_WARN_SUSPICIOUS_MOVE = YES;
				CLANG_WARN_UNGUARDED_AVAILABILITY = YES_AGGRESSIVE;
				CLANG_WARN_UNREACHABLE_CODE = YES;
				CLANG_WARN__DUPLICATE_METHOD_MATCH = YES;
				COPY_PHASE_STRIP = NO;
				DEBUG_INFORMATION_FORMAT = "dwarf-with-dsym";
				ENABLE_NS_ASSERTIONS = NO;
				ENABLE_STRICT_OBJC_MSGSEND = YES;
				GCC_C_LANGUAGE_STANDARD = gnu11;
				GCC_NO_COMMON_BLOCKS = YES;
				GCC_WARN_64_TO_32_BIT_CONVERSION = YES;
				GCC_WARN_ABOUT_RETURN_TYPE = YES_ERROR;
				GCC_WARN_UNDECLARED_SELECTOR = YES;
				GCC_WARN_UNINITIALIZED_AUTOS = YES_AGGRESSIVE;
				GCC_WARN_UNUSED_FUNCTION = YES;
				GCC_WARN_UNUSED_VARIABLE = YES;
				IPHONEOS_DEPLOYMENT_TARGET = 15.2;
				MTL_ENABLE_DEBUG_INFO = NO;
				MTL_FAST_MATH = YES;
				SDKROOT = iphoneos;
				SWIFT_COMPILATION_MODE = wholemodule;
				SWIFT_OPTIMIZATION_LEVEL = "-O";
				VALIDATE_PRODUCT = YES;
			};
			name = Release;
		};
		DC27F9EA28838839000A5504 /* Debug */ = {
			isa = XCBuildConfiguration;
			buildSettings = {
				ASSETCATALOG_COMPILER_APPICON_NAME = AppIcon;
				ASSETCATALOG_COMPILER_GLOBAL_ACCENT_COLOR_NAME = AccentColor;
				CODE_SIGN_STYLE = Automatic;
				CURRENT_PROJECT_VERSION = 1;
				GENERATE_INFOPLIST_FILE = YES;
				INFOPLIST_FILE = "Reciplease/Supporting files/Info.plist";
				INFOPLIST_KEY_UIApplicationSupportsIndirectInputEvents = YES;
				INFOPLIST_KEY_UILaunchStoryboardName = LaunchScreen;
				INFOPLIST_KEY_UIMainStoryboardFile = Main;
				INFOPLIST_KEY_UISupportedInterfaceOrientations_iPad = "UIInterfaceOrientationPortrait UIInterfaceOrientationPortraitUpsideDown UIInterfaceOrientationLandscapeLeft UIInterfaceOrientationLandscapeRight";
				INFOPLIST_KEY_UISupportedInterfaceOrientations_iPhone = "UIInterfaceOrientationPortrait UIInterfaceOrientationLandscapeLeft UIInterfaceOrientationLandscapeRight";
				LD_RUNPATH_SEARCH_PATHS = (
					"$(inherited)",
					"@executable_path/Frameworks",
				);
				MARKETING_VERSION = 1.0;
				PRODUCT_BUNDLE_IDENTIFIER = rodriced.Reciplease;
				PRODUCT_NAME = "$(TARGET_NAME)";
				SWIFT_EMIT_LOC_STRINGS = YES;
				SWIFT_VERSION = 5.0;
				TARGETED_DEVICE_FAMILY = "1,2";
			};
			name = Debug;
		};
		DC27F9EB28838839000A5504 /* Release */ = {
			isa = XCBuildConfiguration;
			buildSettings = {
				ASSETCATALOG_COMPILER_APPICON_NAME = AppIcon;
				ASSETCATALOG_COMPILER_GLOBAL_ACCENT_COLOR_NAME = AccentColor;
				CODE_SIGN_STYLE = Automatic;
				CURRENT_PROJECT_VERSION = 1;
				GENERATE_INFOPLIST_FILE = YES;
				INFOPLIST_FILE = "Reciplease/Supporting files/Info.plist";
				INFOPLIST_KEY_UIApplicationSupportsIndirectInputEvents = YES;
				INFOPLIST_KEY_UILaunchStoryboardName = LaunchScreen;
				INFOPLIST_KEY_UIMainStoryboardFile = Main;
				INFOPLIST_KEY_UISupportedInterfaceOrientations_iPad = "UIInterfaceOrientationPortrait UIInterfaceOrientationPortraitUpsideDown UIInterfaceOrientationLandscapeLeft UIInterfaceOrientationLandscapeRight";
				INFOPLIST_KEY_UISupportedInterfaceOrientations_iPhone = "UIInterfaceOrientationPortrait UIInterfaceOrientationLandscapeLeft UIInterfaceOrientationLandscapeRight";
				LD_RUNPATH_SEARCH_PATHS = (
					"$(inherited)",
					"@executable_path/Frameworks",
				);
				MARKETING_VERSION = 1.0;
				PRODUCT_BUNDLE_IDENTIFIER = rodriced.Reciplease;
				PRODUCT_NAME = "$(TARGET_NAME)";
				SWIFT_EMIT_LOC_STRINGS = YES;
				SWIFT_VERSION = 5.0;
				TARGETED_DEVICE_FAMILY = "1,2";
			};
			name = Release;
		};
		DC27F9ED28838839000A5504 /* Debug */ = {
			isa = XCBuildConfiguration;
			buildSettings = {
				ALWAYS_EMBED_SWIFT_STANDARD_LIBRARIES = YES;
				BUNDLE_LOADER = "$(TEST_HOST)";
				CODE_SIGN_STYLE = Automatic;
				CURRENT_PROJECT_VERSION = 1;
				GENERATE_INFOPLIST_FILE = YES;
				IPHONEOS_DEPLOYMENT_TARGET = 15.2;
				MARKETING_VERSION = 1.0;
				PRODUCT_BUNDLE_IDENTIFIER = rodriced.RecipleaseTests;
				PRODUCT_NAME = "$(TARGET_NAME)";
				SWIFT_EMIT_LOC_STRINGS = NO;
				SWIFT_VERSION = 5.0;
				TARGETED_DEVICE_FAMILY = "1,2";
				TEST_HOST = "$(BUILT_PRODUCTS_DIR)/Reciplease.app/Reciplease";
			};
			name = Debug;
		};
		DC27F9EE28838839000A5504 /* Release */ = {
			isa = XCBuildConfiguration;
			buildSettings = {
				ALWAYS_EMBED_SWIFT_STANDARD_LIBRARIES = YES;
				BUNDLE_LOADER = "$(TEST_HOST)";
				CODE_SIGN_STYLE = Automatic;
				CURRENT_PROJECT_VERSION = 1;
				GENERATE_INFOPLIST_FILE = YES;
				IPHONEOS_DEPLOYMENT_TARGET = 15.2;
				MARKETING_VERSION = 1.0;
				PRODUCT_BUNDLE_IDENTIFIER = rodriced.RecipleaseTests;
				PRODUCT_NAME = "$(TARGET_NAME)";
				SWIFT_EMIT_LOC_STRINGS = NO;
				SWIFT_VERSION = 5.0;
				TARGETED_DEVICE_FAMILY = "1,2";
				TEST_HOST = "$(BUILT_PRODUCTS_DIR)/Reciplease.app/Reciplease";
			};
			name = Release;
		};
/* End XCBuildConfiguration section */

/* Begin XCConfigurationList section */
		DC27F9BA28838835000A5504 /* Build configuration list for PBXProject "Reciplease" */ = {
			isa = XCConfigurationList;
			buildConfigurations = (
				DC27F9E728838839000A5504 /* Debug */,
				DC27F9E828838839000A5504 /* Release */,
			);
			defaultConfigurationIsVisible = 0;
			defaultConfigurationName = Release;
		};
		DC27F9E928838839000A5504 /* Build configuration list for PBXNativeTarget "Reciplease" */ = {
			isa = XCConfigurationList;
			buildConfigurations = (
				DC27F9EA28838839000A5504 /* Debug */,
				DC27F9EB28838839000A5504 /* Release */,
			);
			defaultConfigurationIsVisible = 0;
			defaultConfigurationName = Release;
		};
		DC27F9EC28838839000A5504 /* Build configuration list for PBXNativeTarget "RecipleaseTests" */ = {
			isa = XCConfigurationList;
			buildConfigurations = (
				DC27F9ED28838839000A5504 /* Debug */,
				DC27F9EE28838839000A5504 /* Release */,
			);
			defaultConfigurationIsVisible = 0;
			defaultConfigurationName = Release;
		};
/* End XCConfigurationList section */

/* Begin XCRemoteSwiftPackageReference section */
		DC80366A2889AA9D00AC678D /* XCRemoteSwiftPackageReference "firebase-ios-sdk" */ = {
			isa = XCRemoteSwiftPackageReference;
			repositoryURL = "https://github.com/firebase/firebase-ios-sdk";
			requirement = {
				kind = upToNextMajorVersion;
				minimumVersion = 9.0.0;
			};
		};
		DC80366F288AB33A00AC678D /* XCRemoteSwiftPackageReference "Alamofire" */ = {
			isa = XCRemoteSwiftPackageReference;
			repositoryURL = "https://github.com/Alamofire/Alamofire.git";
			requirement = {
				kind = upToNextMajorVersion;
				minimumVersion = 5.0.0;
			};
		};
		DC803685289122F000AC678D /* XCRemoteSwiftPackageReference "SDWebImage" */ = {
			isa = XCRemoteSwiftPackageReference;
			repositoryURL = "https://github.com/SDWebImage/SDWebImage.git";
			requirement = {
				kind = upToNextMajorVersion;
				minimumVersion = 5.0.0;
			};
		};
/* End XCRemoteSwiftPackageReference section */

/* Begin XCSwiftPackageProductDependency section */
		DC80366B2889AA9D00AC678D /* FirebaseFirestoreCombine-Community */ = {
			isa = XCSwiftPackageProductDependency;
			package = DC80366A2889AA9D00AC678D /* XCRemoteSwiftPackageReference "firebase-ios-sdk" */;
			productName = "FirebaseFirestoreCombine-Community";
		};
		DC80366D2889AA9D00AC678D /* FirebaseFirestoreSwift */ = {
			isa = XCSwiftPackageProductDependency;
			package = DC80366A2889AA9D00AC678D /* XCRemoteSwiftPackageReference "firebase-ios-sdk" */;
			productName = FirebaseFirestoreSwift;
		};
		DC803670288AB33A00AC678D /* Alamofire */ = {
			isa = XCSwiftPackageProductDependency;
			package = DC80366F288AB33A00AC678D /* XCRemoteSwiftPackageReference "Alamofire" */;
			productName = Alamofire;
		};
		DC803686289122F000AC678D /* SDWebImage */ = {
			isa = XCSwiftPackageProductDependency;
			package = DC803685289122F000AC678D /* XCRemoteSwiftPackageReference "SDWebImage" */;
			productName = SDWebImage;
		};
/* End XCSwiftPackageProductDependency section */
	};
	rootObject = DC27F9B728838835000A5504 /* Project object */;
}
